{
  "requires": true,
  "lockfileVersion": 1,
  "dependencies": {
    "popper.js": {
      "version": "1.15.0",
      "resolved": "https://registry.npmjs.org/popper.js/-/popper.js-1.15.0.tgz",
      "integrity": "sha512-w010cY1oCUmI+9KwwlWki+r5jxKfTFDVoadl7MSrIujHU5MJ5OR6HTDj6Xo8aoR/QsA56x8jKjA59qGH4ELtrA=="
    },
    "tippy.js": {
      "version": "4.2.1",
      "resolved": "https://registry.npmjs.org/tippy.js/-/tippy.js-4.2.1.tgz",
      "integrity": "sha512-xEE7zYNgQxCDdPcuT6T04f0frPh0wO7CcIqJKMFazU/NqusyjCgYSkLRosIHoiRkZMRzSPOudC8wRN5GjvAyOQ==",
      "requires": {
        "popper.js": "^1.14.7"
      }
    },
    "vue-router": {
      "version": "3.0.3",
      "resolved": "https://registry.npmjs.org/vue-router/-/vue-router-3.0.3.tgz",
      "integrity": "sha512-62rB6GjJuyklnLL+yKST469yCYj93SXEn8rpYjxgLwv0aH/Fd6OApD8Hgi9RlraZ1OOwv3jPQvZTtf1GixYW+g=="
    },
    "vue-screen-size": {
      "version": "1.0.0",
      "resolved": "https://registry.npmjs.org/vue-screen-size/-/vue-screen-size-1.0.0.tgz",
      "integrity": "sha512-CtLKUuKzT0MQ1iAbnA1ouONc6hwbwlCq5INiIwsYhXxMm6+sISIZAaW/JVraqddLxz8/QonZVTqKVARX1oCiWg=="
    }
  }
}
